
Microsoft Visual Studio Solution File, Format Version 12.00
# Visual Studio Version 17
VisualStudioVersion = 17.11.35312.102
MinimumVisualStudioVersion = 10.0.40219.1
Project("{FAE04EC0-301F-11D3-BF4B-00C04F79EFBC}") = "Mini Project", "Mini Project.csproj", "{3658FD32-7588-4943-8DBC-E275FB05C4E7}"
EndProject
Global
	GlobalSection(SolutionConfigurationPlatforms) = preSolution
		Debug|Any CPU = Debug|Any CPU
		Release|Any CPU = Release|Any CPU
	EndGlobalSection
	GlobalSection(ProjectConfigurationPlatforms) = postSolution
		{3658FD32-7588-4943-8DBC-E275FB05C4E7}.Debug|Any CPU.ActiveCfg = Debug|Any CPU
		{3658FD32-7588-4943-8DBC-E275FB05C4E7}.Debug|Any CPU.Build.0 = Debug|Any CPU
		{3658FD32-7588-4943-8DBC-E275FB05C4E7}.Release|Any CPU.ActiveCfg = Release|Any CPU
		{3658FD32-7588-4943-8DBC-E275FB05C4E7}.Release|Any CPU.Build.0 = Release|Any CPU
	EndGlobalSection
	GlobalSection(SolutionProperties) = preSolution
		HideSolutionNode = FALSE
	EndGlobalSection
	GlobalSection(ExtensibilityGlobals) = postSolution
		SolutionGuid = {416A11C9-0CAF-4E17-A5E5-57172F1764AD}
	EndGlobalSection
EndGlobal
